
Microsoft Visual Studio Solution File, Format Version 12.00
# Visual Studio Version 17
VisualStudioVersion = 17.4.32912.340
MinimumVisualStudioVersion = 10.0.40219.1
Project("{FAE04EC0-301F-11D3-BF4B-00C04F79EFBC}") = "ITW", "ITW.csproj", "{E4ACCF7F-A8E8-476F-A2E8-8C8D56517262}"
EndProject
Global
	GlobalSection(SolutionConfigurationPlatforms) = preSolution
		Debug|Any CPU = Debug|Any CPU
		Release|Any CPU = Release|Any CPU
	EndGlobalSection
	GlobalSection(ProjectConfigurationPlatforms) = postSolution
		{E4ACCF7F-A8E8-476F-A2E8-8C8D56517262}.Debug|Any CPU.ActiveCfg = Debug|Any CPU
		{E4ACCF7F-A8E8-476F-A2E8-8C8D56517262}.Debug|Any CPU.Build.0 = Debug|Any CPU
		{E4ACCF7F-A8E8-476F-A2E8-8C8D56517262}.Release|Any CPU.ActiveCfg = Release|Any CPU
		{E4ACCF7F-A8E8-476F-A2E8-8C8D56517262}.Release|Any CPU.Build.0 = Release|Any CPU
	EndGlobalSection
	GlobalSection(SolutionProperties) = preSolution
		HideSolutionNode = FALSE
	EndGlobalSection
	GlobalSection(ExtensibilityGlobals) = postSolution
		SolutionGuid = {DED05D7C-9AEB-440E-A482-FC395019A321}
	EndGlobalSection
EndGlobal
